
Microsoft Visual Studio Solution File, Format Version 12.00
# Visual Studio Version 17
VisualStudioVersion = 17.13.35931.197 d17.13
MinimumVisualStudioVersion = 10.0.40219.1
Project("{FAE04EC0-301F-11D3-BF4B-00C04F79EFBC}") = "NotasDbanda", "NotasDbanda.csproj", "{C79446EB-A33F-4DEE-BB5D-F1D3B0909115}"
EndProject
Global
	GlobalSection(SolutionConfigurationPlatforms) = preSolution
		Debug|Any CPU = Debug|Any CPU
		Release|Any CPU = Release|Any CPU
	EndGlobalSection
	GlobalSection(ProjectConfigurationPlatforms) = postSolution
		{C79446EB-A33F-4DEE-BB5D-F1D3B0909115}.Debug|Any CPU.ActiveCfg = Debug|Any CPU
		{C79446EB-A33F-4DEE-BB5D-F1D3B0909115}.Debug|Any CPU.Build.0 = Debug|Any CPU
		{C79446EB-A33F-4DEE-BB5D-F1D3B0909115}.Release|Any CPU.ActiveCfg = Release|Any CPU
		{C79446EB-A33F-4DEE-BB5D-F1D3B0909115}.Release|Any CPU.Build.0 = Release|Any CPU
	EndGlobalSection
	GlobalSection(SolutionProperties) = preSolution
		HideSolutionNode = FALSE
	EndGlobalSection
	GlobalSection(ExtensibilityGlobals) = postSolution
		SolutionGuid = {3F676F2C-2894-4C93-AA87-A35BF15766FB}
	EndGlobalSection
EndGlobal
